// !$*UTF8*$!
{
	archiveVersion = 1;
	classes = {
	};
	objectVersion = 55;
	objects = {

/* Begin PBXBuildFile section */
		60022A20293205DD00CEB891 /* UITextField+Extension.swift in Sources */ = {isa = PBXBuildFile; fileRef = 60022A1F293205DD00CEB891 /* UITextField+Extension.swift */; };
		60022A222932065000CEB891 /* HistoricalRates.swift in Sources */ = {isa = PBXBuildFile; fileRef = 60022A212932065000CEB891 /* HistoricalRates.swift */; };
		60022A24293206AF00CEB891 /* UIViewController+Extension.swift in Sources */ = {isa = PBXBuildFile; fileRef = 60022A23293206AF00CEB891 /* UIViewController+Extension.swift */; };
		60022A262932076200CEB891 /* UserDefaults+Extension.swift in Sources */ = {isa = PBXBuildFile; fileRef = 60022A252932076200CEB891 /* UserDefaults+Extension.swift */; };
		60022A292932079400CEB891 /* Helper.swift in Sources */ = {isa = PBXBuildFile; fileRef = 60022A282932079400CEB891 /* Helper.swift */; };
		60022A2B293207C800CEB891 /* Date+Extension.swift in Sources */ = {isa = PBXBuildFile; fileRef = 60022A2A293207C800CEB891 /* Date+Extension.swift */; };
		600EACEE293277AD006F8B4F /* VC_history.swift in Sources */ = {isa = PBXBuildFile; fileRef = 600EACED293277AD006F8B4F /* VC_history.swift */; };
		600EACF0293277CD006F8B4F /* VM_historicalCurrencyRates.swift in Sources */ = {isa = PBXBuildFile; fileRef = 600EACEF293277CD006F8B4F /* VM_historicalCurrencyRates.swift */; };
		600EACF2293277E3006F8B4F /* VM_popularCurrencyRates.swift in Sources */ = {isa = PBXBuildFile; fileRef = 600EACF1293277E3006F8B4F /* VM_popularCurrencyRates.swift */; };
		600EACF429327803006F8B4F /* PopularCurrencyRates.swift in Sources */ = {isa = PBXBuildFile; fileRef = 600EACF329327803006F8B4F /* PopularCurrencyRates.swift */; };
		601CB89C2931085100075C7B /* Constants.swift in Sources */ = {isa = PBXBuildFile; fileRef = 601CB89B2931085100075C7B /* Constants.swift */; };
		601CB89E293108A800075C7B /* ModelBase.swift in Sources */ = {isa = PBXBuildFile; fileRef = 601CB89D293108A800075C7B /* ModelBase.swift */; };
		601CB8A02931096E00075C7B /* ConvertedResponse.swift in Sources */ = {isa = PBXBuildFile; fileRef = 601CB89F2931096E00075C7B /* ConvertedResponse.swift */; };
		601CB8A2293109A600075C7B /* Symbols.swift in Sources */ = {isa = PBXBuildFile; fileRef = 601CB8A1293109A600075C7B /* Symbols.swift */; };
		601CB8A4293109D300075C7B /* Data+Extension.swift in Sources */ = {isa = PBXBuildFile; fileRef = 601CB8A3293109D300075C7B /* Data+Extension.swift */; };
		601CB8A629310AC900075C7B /* VC_base.swift in Sources */ = {isa = PBXBuildFile; fileRef = 601CB8A529310AC900075C7B /* VC_base.swift */; };
		601CB8A829310B4100075C7B /* Nav_base.swift in Sources */ = {isa = PBXBuildFile; fileRef = 601CB8A729310B4100075C7B /* Nav_base.swift */; };
		601CB8AA29310B6400075C7B /* VC_home.swift in Sources */ = {isa = PBXBuildFile; fileRef = 601CB8A929310B6400075C7B /* VC_home.swift */; };
		601CB8AC29310B9C00075C7B /* VM_currencyConversion.swift in Sources */ = {isa = PBXBuildFile; fileRef = 601CB8AB29310B9C00075C7B /* VM_currencyConversion.swift */; };
		605973DD292FCDCB0014115F /* AppDelegate.swift in Sources */ = {isa = PBXBuildFile; fileRef = 605973DC292FCDCB0014115F /* AppDelegate.swift */; };
		605973DF292FCDCB0014115F /* SceneDelegate.swift in Sources */ = {isa = PBXBuildFile; fileRef = 605973DE292FCDCB0014115F /* SceneDelegate.swift */; };
		605973E4292FCDCB0014115F /* Main.storyboard in Resources */ = {isa = PBXBuildFile; fileRef = 605973E2292FCDCB0014115F /* Main.storyboard */; };
		605973E6292FCDCD0014115F /* Assets.xcassets in Resources */ = {isa = PBXBuildFile; fileRef = 605973E5292FCDCD0014115F /* Assets.xcassets */; };
		605973E9292FCDCD0014115F /* LaunchScreen.storyboard in Resources */ = {isa = PBXBuildFile; fileRef = 605973E7292FCDCD0014115F /* LaunchScreen.storyboard */; };
		608DB6612930C30500E79648 /* URLSession+Extension.swift in Sources */ = {isa = PBXBuildFile; fileRef = 608DB6602930C30500E79648 /* URLSession+Extension.swift */; };
		608DB6672930C37000E79648 /* Router.swift in Sources */ = {isa = PBXBuildFile; fileRef = 608DB6662930C37000E79648 /* Router.swift */; };
		608DB6692930C38000E79648 /* NetworkService.swift in Sources */ = {isa = PBXBuildFile; fileRef = 608DB6682930C38000E79648 /* NetworkService.swift */; };
		608DB66B2930C38C00E79648 /* WebServices.swift in Sources */ = {isa = PBXBuildFile; fileRef = 608DB66A2930C38C00E79648 /* WebServices.swift */; };
		608DB66D2930C3CF00E79648 /* Protocols.swift in Sources */ = {isa = PBXBuildFile; fileRef = 608DB66C2930C3CF00E79648 /* Protocols.swift */; };
		608DB66F2930C3D800E79648 /* Enums.swift in Sources */ = {isa = PBXBuildFile; fileRef = 608DB66E2930C3D800E79648 /* Enums.swift */; };
/* End PBXBuildFile section */

/* Begin PBXFileReference section */
		60022A1F293205DD00CEB891 /* UITextField+Extension.swift */ = {isa = PBXFileReference; lastKnownFileType = sourcecode.swift; path = "UITextField+Extension.swift"; sourceTree = "<group>"; };
		60022A212932065000CEB891 /* HistoricalRates.swift */ = {isa = PBXFileReference; lastKnownFileType = sourcecode.swift; path = HistoricalRates.swift; sourceTree = "<group>"; };
		60022A23293206AF00CEB891 /* UIViewController+Extension.swift */ = {isa = PBXFileReference; lastKnownFileType = sourcecode.swift; path = "UIViewController+Extension.swift"; sourceTree = "<group>"; };
		60022A252932076200CEB891 /* UserDefaults+Extension.swift */ = {isa = PBXFileReference; lastKnownFileType = sourcecode.swift; path = "UserDefaults+Extension.swift"; sourceTree = "<group>"; };
		60022A282932079400CEB891 /* Helper.swift */ = {isa = PBXFileReference; lastKnownFileType = sourcecode.swift; path = Helper.swift; sourceTree = "<group>"; };
		60022A2A293207C800CEB891 /* Date+Extension.swift */ = {isa = PBXFileReference; lastKnownFileType = sourcecode.swift; path = "Date+Extension.swift"; sourceTree = "<group>"; };
		600EACED293277AD006F8B4F /* VC_history.swift */ = {isa = PBXFileReference; lastKnownFileType = sourcecode.swift; path = VC_history.swift; sourceTree = "<group>"; };
		600EACEF293277CD006F8B4F /* VM_historicalCurrencyRates.swift */ = {isa = PBXFileReference; lastKnownFileType = sourcecode.swift; path = VM_historicalCurrencyRates.swift; sourceTree = "<group>"; };
		600EACF1293277E3006F8B4F /* VM_popularCurrencyRates.swift */ = {isa = PBXFileReference; lastKnownFileType = sourcecode.swift; path = VM_popularCurrencyRates.swift; sourceTree = "<group>"; };
		600EACF329327803006F8B4F /* PopularCurrencyRates.swift */ = {isa = PBXFileReference; lastKnownFileType = sourcecode.swift; path = PopularCurrencyRates.swift; sourceTree = "<group>"; };
		601CB89B2931085100075C7B /* Constants.swift */ = {isa = PBXFileReference; lastKnownFileType = sourcecode.swift; path = Constants.swift; sourceTree = "<group>"; };
		601CB89D293108A800075C7B /* ModelBase.swift */ = {isa = PBXFileReference; lastKnownFileType = sourcecode.swift; path = ModelBase.swift; sourceTree = "<group>"; };
		601CB89F2931096E00075C7B /* ConvertedResponse.swift */ = {isa = PBXFileReference; lastKnownFileType = sourcecode.swift; path = ConvertedResponse.swift; sourceTree = "<group>"; };
		601CB8A1293109A600075C7B /* Symbols.swift */ = {isa = PBXFileReference; lastKnownFileType = sourcecode.swift; path = Symbols.swift; sourceTree = "<group>"; };
		601CB8A3293109D300075C7B /* Data+Extension.swift */ = {isa = PBXFileReference; lastKnownFileType = sourcecode.swift; path = "Data+Extension.swift"; sourceTree = "<group>"; };
		601CB8A529310AC900075C7B /* VC_base.swift */ = {isa = PBXFileReference; lastKnownFileType = sourcecode.swift; path = VC_base.swift; sourceTree = "<group>"; };
		601CB8A729310B4100075C7B /* Nav_base.swift */ = {isa = PBXFileReference; lastKnownFileType = sourcecode.swift; path = Nav_base.swift; sourceTree = "<group>"; };
		601CB8A929310B6400075C7B /* VC_home.swift */ = {isa = PBXFileReference; lastKnownFileType = sourcecode.swift; path = VC_home.swift; sourceTree = "<group>"; };
		601CB8AB29310B9C00075C7B /* VM_currencyConversion.swift */ = {isa = PBXFileReference; lastKnownFileType = sourcecode.swift; path = VM_currencyConversion.swift; sourceTree = "<group>"; };
		605973D9292FCDCB0014115F /* CurrencyConverterTest.app */ = {isa = PBXFileReference; explicitFileType = wrapper.application; includeInIndex = 0; path = CurrencyConverterTest.app; sourceTree = BUILT_PRODUCTS_DIR; };
		605973DC292FCDCB0014115F /* AppDelegate.swift */ = {isa = PBXFileReference; lastKnownFileType = sourcecode.swift; path = AppDelegate.swift; sourceTree = "<group>"; };
		605973DE292FCDCB0014115F /* SceneDelegate.swift */ = {isa = PBXFileReference; lastKnownFileType = sourcecode.swift; path = SceneDelegate.swift; sourceTree = "<group>"; };
		605973E3292FCDCB0014115F /* Base */ = {isa = PBXFileReference; lastKnownFileType = file.storyboard; name = Base; path = Base.lproj/Main.storyboard; sourceTree = "<group>"; };
		605973E5292FCDCD0014115F /* Assets.xcassets */ = {isa = PBXFileReference; lastKnownFileType = folder.assetcatalog; path = Assets.xcassets; sourceTree = "<group>"; };
		605973E8292FCDCD0014115F /* Base */ = {isa = PBXFileReference; lastKnownFileType = file.storyboard; name = Base; path = Base.lproj/LaunchScreen.storyboard; sourceTree = "<group>"; };
		605973EA292FCDCD0014115F /* Info.plist */ = {isa = PBXFileReference; lastKnownFileType = text.plist.xml; path = Info.plist; sourceTree = "<group>"; };
		608DB6602930C30500E79648 /* URLSession+Extension.swift */ = {isa = PBXFileReference; lastKnownFileType = sourcecode.swift; path = "URLSession+Extension.swift"; sourceTree = "<group>"; };
		608DB6662930C37000E79648 /* Router.swift */ = {isa = PBXFileReference; lastKnownFileType = sourcecode.swift; path = Router.swift; sourceTree = "<group>"; };
		608DB6682930C38000E79648 /* NetworkService.swift */ = {isa = PBXFileReference; lastKnownFileType = sourcecode.swift; path = NetworkService.swift; sourceTree = "<group>"; };
		608DB66A2930C38C00E79648 /* WebServices.swift */ = {isa = PBXFileReference; lastKnownFileType = sourcecode.swift; path = WebServices.swift; sourceTree = "<group>"; };
		608DB66C2930C3CF00E79648 /* Protocols.swift */ = {isa = PBXFileReference; lastKnownFileType = sourcecode.swift; path = Protocols.swift; sourceTree = "<group>"; };
		608DB66E2930C3D800E79648 /* Enums.swift */ = {isa = PBXFileReference; lastKnownFileType = sourcecode.swift; path = Enums.swift; sourceTree = "<group>"; };
/* End PBXFileReference section */

/* Begin PBXFrameworksBuildPhase section */
		605973D6292FCDCB0014115F /* Frameworks */ = {
			isa = PBXFrameworksBuildPhase;
			buildActionMask = 2147483647;
			files = (
			);
			runOnlyForDeploymentPostprocessing = 0;
		};
/* End PBXFrameworksBuildPhase section */

/* Begin PBXGroup section */
		60022A272932078B00CEB891 /* Utls */ = {
			isa = PBXGroup;
			children = (
				60022A282932079400CEB891 /* Helper.swift */,
			);
			path = Utls;
			sourceTree = "<group>";
		};
		605973D0292FCDCB0014115F = {
			isa = PBXGroup;
			children = (
				605973DB292FCDCB0014115F /* CurrencyConverterTest */,
				605973DA292FCDCB0014115F /* Products */,
			);
			sourceTree = "<group>";
		};
		605973DA292FCDCB0014115F /* Products */ = {
			isa = PBXGroup;
			children = (
				605973D9292FCDCB0014115F /* CurrencyConverterTest.app */,
			);
			name = Products;
			sourceTree = "<group>";
		};
		605973DB292FCDCB0014115F /* CurrencyConverterTest */ = {
			isa = PBXGroup;
			children = (
				601CB89B2931085100075C7B /* Constants.swift */,
				60022A272932078B00CEB891 /* Utls */,
				608DB65E2930C2C500E79648 /* Protocols & Enums */,
				608DB65D2930C29300E79648 /* BaseClasses */,
				608DB65A2930C27B00E79648 /* NetworkLayer */,
				608DB6592930C26D00E79648 /* Extensions */,
				608DB65F2930C2D200E79648 /* Model */,
				608DB65B2930C28300E79648 /* ViewModel */,
				608DB65C2930C28D00E79648 /* Controllers */,
				605973DC292FCDCB0014115F /* AppDelegate.swift */,
				605973DE292FCDCB0014115F /* SceneDelegate.swift */,
				605973E2292FCDCB0014115F /* Main.storyboard */,
				605973E5292FCDCD0014115F /* Assets.xcassets */,
				605973E7292FCDCD0014115F /* LaunchScreen.storyboard */,
				605973EA292FCDCD0014115F /* Info.plist */,
			);
			path = CurrencyConverterTest;
			sourceTree = "<group>";
		};
		608DB6592930C26D00E79648 /* Extensions */ = {
			isa = PBXGroup;
			children = (
				608DB6602930C30500E79648 /* URLSession+Extension.swift */,
				601CB8A3293109D300075C7B /* Data+Extension.swift */,
				60022A1F293205DD00CEB891 /* UITextField+Extension.swift */,
				60022A23293206AF00CEB891 /* UIViewController+Extension.swift */,
				60022A252932076200CEB891 /* UserDefaults+Extension.swift */,
				60022A2A293207C800CEB891 /* Date+Extension.swift */,
			);
			path = Extensions;
			sourceTree = "<group>";
		};
		608DB65A2930C27B00E79648 /* NetworkLayer */ = {
			isa = PBXGroup;
			children = (
				608DB6662930C37000E79648 /* Router.swift */,
				608DB6682930C38000E79648 /* NetworkService.swift */,
				608DB66A2930C38C00E79648 /* WebServices.swift */,
			);
			path = NetworkLayer;
			sourceTree = "<group>";
		};
		608DB65B2930C28300E79648 /* ViewModel */ = {
			isa = PBXGroup;
			children = (
				601CB8AB29310B9C00075C7B /* VM_currencyConversion.swift */,
				600EACEF293277CD006F8B4F /* VM_historicalCurrencyRates.swift */,
				600EACF1293277E3006F8B4F /* VM_popularCurrencyRates.swift */,
			);
			path = ViewModel;
			sourceTree = "<group>";
		};
		608DB65C2930C28D00E79648 /* Controllers */ = {
			isa = PBXGroup;
			children = (
				601CB8A929310B6400075C7B /* VC_home.swift */,
				600EACED293277AD006F8B4F /* VC_history.swift */,
			);
			path = Controllers;
			sourceTree = "<group>";
		};
		608DB65D2930C29300E79648 /* BaseClasses */ = {
			isa = PBXGroup;
			children = (
				601CB8A529310AC900075C7B /* VC_base.swift */,
				601CB8A729310B4100075C7B /* Nav_base.swift */,
			);
			path = BaseClasses;
			sourceTree = "<group>";
		};
		608DB65E2930C2C500E79648 /* Protocols & Enums */ = {
			isa = PBXGroup;
			children = (
				608DB66C2930C3CF00E79648 /* Protocols.swift */,
				608DB66E2930C3D800E79648 /* Enums.swift */,
			);
			path = "Protocols & Enums";
			sourceTree = "<group>";
		};
		608DB65F2930C2D200E79648 /* Model */ = {
			isa = PBXGroup;
			children = (
				601CB89D293108A800075C7B /* ModelBase.swift */,
				601CB89F2931096E00075C7B /* ConvertedResponse.swift */,
				601CB8A1293109A600075C7B /* Symbols.swift */,
				60022A212932065000CEB891 /* HistoricalRates.swift */,
				600EACF329327803006F8B4F /* PopularCurrencyRates.swift */,
			);
			path = Model;
			sourceTree = "<group>";
		};
/* End PBXGroup section */

/* Begin PBXNativeTarget section */
		605973D8292FCDCB0014115F /* CurrencyConverterTest */ = {
			isa = PBXNativeTarget;
			buildConfigurationList = 605973ED292FCDCD0014115F /* Build configuration list for PBXNativeTarget "CurrencyConverterTest" */;
			buildPhases = (
				605973D5292FCDCB0014115F /* Sources */,
				605973D6292FCDCB0014115F /* Frameworks */,
				605973D7292FCDCB0014115F /* Resources */,
			);
			buildRules = (
			);
			dependencies = (
			);
			name = CurrencyConverterTest;
			productName = CurrencyConverterTest;
			productReference = 605973D9292FCDCB0014115F /* CurrencyConverterTest.app */;
			productType = "com.apple.product-type.application";
		};
/* End PBXNativeTarget section */

/* Begin PBXProject section */
		605973D1292FCDCB0014115F /* Project object */ = {
			isa = PBXProject;
			attributes = {
				BuildIndependentTargetsInParallel = 1;
				LastSwiftUpdateCheck = 1340;
				LastUpgradeCheck = 1340;
				TargetAttributes = {
					605973D8292FCDCB0014115F = {
						CreatedOnToolsVersion = 13.4.1;
					};
				};
			};
			buildConfigurationList = 605973D4292FCDCB0014115F /* Build configuration list for PBXProject "CurrencyConverterTest" */;
			compatibilityVersion = "Xcode 13.0";
			developmentRegion = en;
			hasScannedForEncodings = 0;
			knownRegions = (
				en,
				Base,
			);
			mainGroup = 605973D0292FCDCB0014115F;
			productRefGroup = 605973DA292FCDCB0014115F /* Products */;
			projectDirPath = "";
			projectRoot = "";
			targets = (
				605973D8292FCDCB0014115F /* CurrencyConverterTest */,
			);
		};
/* End PBXProject section */

/* Begin PBXResourcesBuildPhase section */
		605973D7292FCDCB0014115F /* Resources */ = {
			isa = PBXResourcesBuildPhase;
			buildActionMask = 2147483647;
			files = (
				605973E9292FCDCD0014115F /* LaunchScreen.storyboard in Resources */,
				605973E6292FCDCD0014115F /* Assets.xcassets in Resources */,
				605973E4292FCDCB0014115F /* Main.storyboard in Resources */,
			);
			runOnlyForDeploymentPostprocessing = 0;
		};
/* End PBXResourcesBuildPhase section */

/* Begin PBXSourcesBuildPhase section */
		605973D5292FCDCB0014115F /* Sources */ = {
			isa = PBXSourcesBuildPhase;
			buildActionMask = 2147483647;
			files = (
				60022A20293205DD00CEB891 /* UITextField+Extension.swift in Sources */,
				608DB6612930C30500E79648 /* URLSession+Extension.swift in Sources */,
				601CB8A4293109D300075C7B /* Data+Extension.swift in Sources */,
				601CB89E293108A800075C7B /* ModelBase.swift in Sources */,
				60022A2B293207C800CEB891 /* Date+Extension.swift in Sources */,
				600EACEE293277AD006F8B4F /* VC_history.swift in Sources */,
				601CB8A02931096E00075C7B /* ConvertedResponse.swift in Sources */,
				601CB8AC29310B9C00075C7B /* VM_currencyConversion.swift in Sources */,
				608DB66B2930C38C00E79648 /* WebServices.swift in Sources */,
				608DB6672930C37000E79648 /* Router.swift in Sources */,
				605973DD292FCDCB0014115F /* AppDelegate.swift in Sources */,
				601CB8A829310B4100075C7B /* Nav_base.swift in Sources */,
				601CB8AA29310B6400075C7B /* VC_home.swift in Sources */,
				601CB89C2931085100075C7B /* Constants.swift in Sources */,
				601CB8A2293109A600075C7B /* Symbols.swift in Sources */,
				60022A262932076200CEB891 /* UserDefaults+Extension.swift in Sources */,
				608DB6692930C38000E79648 /* NetworkService.swift in Sources */,
				600EACF2293277E3006F8B4F /* VM_popularCurrencyRates.swift in Sources */,
				601CB8A629310AC900075C7B /* VC_base.swift in Sources */,
				600EACF429327803006F8B4F /* PopularCurrencyRates.swift in Sources */,
				605973DF292FCDCB0014115F /* SceneDelegate.swift in Sources */,
				60022A222932065000CEB891 /* HistoricalRates.swift in Sources */,
				60022A24293206AF00CEB891 /* UIViewController+Extension.swift in Sources */,
				60022A292932079400CEB891 /* Helper.swift in Sources */,
				608DB66F2930C3D800E79648 /* Enums.swift in Sources */,
				600EACF0293277CD006F8B4F /* VM_historicalCurrencyRates.swift in Sources */,
				608DB66D2930C3CF00E79648 /* Protocols.swift in Sources */,
			);
			runOnlyForDeploymentPostprocessing = 0;
		};
/* End PBXSourcesBuildPhase section */

/* Begin PBXVariantGroup section */
		605973E2292FCDCB0014115F /* Main.storyboard */ = {
			isa = PBXVariantGroup;
			children = (
				605973E3292FCDCB0014115F /* Base */,
			);
			name = Main.storyboard;
			sourceTree = "<group>";
		};
		605973E7292FCDCD0014115F /* LaunchScreen.storyboard */ = {
			isa = PBXVariantGroup;
			children = (
				605973E8292FCDCD0014115F /* Base */,
			);
			name = LaunchScreen.storyboard;
			sourceTree = "<group>";
		};
/* End PBXVariantGroup section */

/* Begin XCBuildConfiguration section */
		605973EB292FCDCD0014115F /* Debug */ = {
			isa = XCBuildConfiguration;
			buildSettings = {
				ALWAYS_SEARCH_USER_PATHS = NO;
				CLANG_ANALYZER_NONNULL = YES;
				CLANG_ANALYZER_NUMBER_OBJECT_CONVERSION = YES_AGGRESSIVE;
				CLANG_CXX_LANGUAGE_STANDARD = "gnu++17";
				CLANG_ENABLE_MODULES = YES;
				CLANG_ENABLE_OBJC_ARC = YES;
				CLANG_ENABLE_OBJC_WEAK = YES;
				CLANG_WARN_BLOCK_CAPTURE_AUTORELEASING = YES;
				CLANG_WARN_BOOL_CONVERSION = YES;
				CLANG_WARN_COMMA = YES;
				CLANG_WARN_CONSTANT_CONVERSION = YES;
				CLANG_WARN_DEPRECATED_OBJC_IMPLEMENTATIONS = YES;
				CLANG_WARN_DIRECT_OBJC_ISA_USAGE = YES_ERROR;
				CLANG_WARN_DOCUMENTATION_COMMENTS = YES;
				CLANG_WARN_EMPTY_BODY = YES;
				CLANG_WARN_ENUM_CONVERSION = YES;
				CLANG_WARN_INFINITE_RECURSION = YES;
				CLANG_WARN_INT_CONVERSION = YES;
				CLANG_WARN_NON_LITERAL_NULL_CONVERSION = YES;
				CLANG_WARN_OBJC_IMPLICIT_RETAIN_SELF = YES;
				CLANG_WARN_OBJC_LITERAL_CONVERSION = YES;
				CLANG_WARN_OBJC_ROOT_CLASS = YES_ERROR;
				CLANG_WARN_QUOTED_INCLUDE_IN_FRAMEWORK_HEADER = YES;
				CLANG_WARN_RANGE_LOOP_ANALYSIS = YES;
				CLANG_WARN_STRICT_PROTOTYPES = YES;
				CLANG_WARN_SUSPICIOUS_MOVE = YES;
				CLANG_WARN_UNGUARDED_AVAILABILITY = YES_AGGRESSIVE;
				CLANG_WARN_UNREACHABLE_CODE = YES;
				CLANG_WARN__DUPLICATE_METHOD_MATCH = YES;
				COPY_PHASE_STRIP = NO;
				DEBUG_INFORMATION_FORMAT = dwarf;
				ENABLE_STRICT_OBJC_MSGSEND = YES;
				ENABLE_TESTABILITY = YES;
				GCC_C_LANGUAGE_STANDARD = gnu11;
				GCC_DYNAMIC_NO_PIC = NO;
				GCC_NO_COMMON_BLOCKS = YES;
				GCC_OPTIMIZATION_LEVEL = 0;
				GCC_PREPROCESSOR_DEFINITIONS = (
					"DEBUG=1",
					"$(inherited)",
				);
				GCC_WARN_64_TO_32_BIT_CONVERSION = YES;
				GCC_WARN_ABOUT_RETURN_TYPE = YES_ERROR;
				GCC_WARN_UNDECLARED_SELECTOR = YES;
				GCC_WARN_UNINITIALIZED_AUTOS = YES_AGGRESSIVE;
				GCC_WARN_UNUSED_FUNCTION = YES;
				GCC_WARN_UNUSED_VARIABLE = YES;
				IPHONEOS_DEPLOYMENT_TARGET = 15.5;
				MTL_ENABLE_DEBUG_INFO = INCLUDE_SOURCE;
				MTL_FAST_MATH = YES;
				ONLY_ACTIVE_ARCH = YES;
				SDKROOT = iphoneos;
				SWIFT_ACTIVE_COMPILATION_CONDITIONS = DEBUG;
				SWIFT_OPTIMIZATION_LEVEL = "-Onone";
			};
			name = Debug;
		};
		605973EC292FCDCD0014115F /* Release */ = {
			isa = XCBuildConfiguration;
			buildSettings = {
				ALWAYS_SEARCH_USER_PATHS = NO;
				CLANG_ANALYZER_NONNULL = YES;
				CLANG_ANALYZER_NUMBER_OBJECT_CONVERSION = YES_AGGRESSIVE;
				CLANG_CXX_LANGUAGE_STANDARD = "gnu++17";
				CLANG_ENABLE_MODULES = YES;
				CLANG_ENABLE_OBJC_ARC = YES;
				CLANG_ENABLE_OBJC_WEAK = YES;
				CLANG_WARN_BLOCK_CAPTURE_AUTORELEASING = YES;
				CLANG_WARN_BOOL_CONVERSION = YES;
				CLANG_WARN_COMMA = YES;
				CLANG_WARN_CONSTANT_CONVERSION = YES;
				CLANG_WARN_DEPRECATED_OBJC_IMPLEMENTATIONS = YES;
				CLANG_WARN_DIRECT_OBJC_ISA_USAGE = YES_ERROR;
				CLANG_WARN_DOCUMENTATION_COMMENTS = YES;
				CLANG_WARN_EMPTY_BODY = YES;
				CLANG_WARN_ENUM_CONVERSION = YES;
				CLANG_WARN_INFINITE_RECURSION = YES;
				CLANG_WARN_INT_CONVERSION = YES;
				CLANG_WARN_NON_LITERAL_NULL_CONVERSION = YES;
				CLANG_WARN_OBJC_IMPLICIT_RETAIN_SELF = YES;
				CLANG_WARN_OBJC_LITERAL_CONVERSION = YES;
				CLANG_WARN_OBJC_ROOT_CLASS = YES_ERROR;
				CLANG_WARN_QUOTED_INCLUDE_IN_FRAMEWORK_HEADER = YES;
				CLANG_WARN_RANGE_LOOP_ANALYSIS = YES;
				CLANG_WARN_STRICT_PROTOTYPES = YES;
				CLANG_WARN_SUSPICIOUS_MOVE = YES;
				CLANG_WARN_UNGUARDED_AVAILABILITY = YES_AGGRESSIVE;
				CLANG_WARN_UNREACHABLE_CODE = YES;
				CLANG_WARN__DUPLICATE_METHOD_MATCH = YES;
				COPY_PHASE_STRIP = NO;
				DEBUG_INFORMATION_FORMAT = "dwarf-with-dsym";
				ENABLE_NS_ASSERTIONS = NO;
				ENABLE_STRICT_OBJC_MSGSEND = YES;
				GCC_C_LANGUAGE_STANDARD = gnu11;
				GCC_NO_COMMON_BLOCKS = YES;
				GCC_WARN_64_TO_32_BIT_CONVERSION = YES;
				GCC_WARN_ABOUT_RETURN_TYPE = YES_ERROR;
				GCC_WARN_UNDECLARED_SELECTOR = YES;
				GCC_WARN_UNINITIALIZED_AUTOS = YES_AGGRESSIVE;
				GCC_WARN_UNUSED_FUNCTION = YES;
				GCC_WARN_UNUSED_VARIABLE = YES;
				IPHONEOS_DEPLOYMENT_TARGET = 15.5;
				MTL_ENABLE_DEBUG_INFO = NO;
				MTL_FAST_MATH = YES;
				SDKROOT = iphoneos;
				SWIFT_COMPILATION_MODE = wholemodule;
				SWIFT_OPTIMIZATION_LEVEL = "-O";
				VALIDATE_PRODUCT = YES;
			};
			name = Release;
		};
		605973EE292FCDCD0014115F /* Debug */ = {
			isa = XCBuildConfiguration;
			buildSettings = {
				ASSETCATALOG_COMPILER_APPICON_NAME = AppIcon;
				ASSETCATALOG_COMPILER_GLOBAL_ACCENT_COLOR_NAME = AccentColor;
				CODE_SIGN_STYLE = Automatic;
				CURRENT_PROJECT_VERSION = 1;
				GENERATE_INFOPLIST_FILE = YES;
				INFOPLIST_FILE = CurrencyConverterTest/Info.plist;
				INFOPLIST_KEY_UIApplicationSupportsIndirectInputEvents = YES;
				INFOPLIST_KEY_UILaunchStoryboardName = LaunchScreen;
				INFOPLIST_KEY_UIMainStoryboardFile = Main;
				INFOPLIST_KEY_UISupportedInterfaceOrientations_iPad = "UIInterfaceOrientationPortrait UIInterfaceOrientationPortraitUpsideDown UIInterfaceOrientationLandscapeLeft UIInterfaceOrientationLandscapeRight";
				INFOPLIST_KEY_UISupportedInterfaceOrientations_iPhone = "UIInterfaceOrientationPortrait UIInterfaceOrientationLandscapeLeft UIInterfaceOrientationLandscapeRight";
				LD_RUNPATH_SEARCH_PATHS = (
					"$(inherited)",
					"@executable_path/Frameworks",
				);
				MARKETING_VERSION = 1.0;
				PRODUCT_BUNDLE_IDENTIFIER = com.sagaTech.com.CurrencyConverterTest;
				PRODUCT_NAME = "$(TARGET_NAME)";
				SWIFT_EMIT_LOC_STRINGS = YES;
				SWIFT_VERSION = 5.0;
				TARGETED_DEVICE_FAMILY = "1,2";
			};
			name = Debug;
		};
		605973EF292FCDCD0014115F /* Release */ = {
			isa = XCBuildConfiguration;
			buildSettings = {
				ASSETCATALOG_COMPILER_APPICON_NAME = AppIcon;
				ASSETCATALOG_COMPILER_GLOBAL_ACCENT_COLOR_NAME = AccentColor;
				CODE_SIGN_STYLE = Automatic;
				CURRENT_PROJECT_VERSION = 1;
				GENERATE_INFOPLIST_FILE = YES;
				INFOPLIST_FILE = CurrencyConverterTest/Info.plist;
				INFOPLIST_KEY_UIApplicationSupportsIndirectInputEvents = YES;
				INFOPLIST_KEY_UILaunchStoryboardName = LaunchScreen;
				INFOPLIST_KEY_UIMainStoryboardFile = Main;
				INFOPLIST_KEY_UISupportedInterfaceOrientations_iPad = "UIInterfaceOrientationPortrait UIInterfaceOrientationPortraitUpsideDown UIInterfaceOrientationLandscapeLeft UIInterfaceOrientationLandscapeRight";
				INFOPLIST_KEY_UISupportedInterfaceOrientations_iPhone = "UIInterfaceOrientationPortrait UIInterfaceOrientationLandscapeLeft UIInterfaceOrientationLandscapeRight";
				LD_RUNPATH_SEARCH_PATHS = (
					"$(inherited)",
					"@executable_path/Frameworks",
				);
				MARKETING_VERSION = 1.0;
				PRODUCT_BUNDLE_IDENTIFIER = com.sagaTech.com.CurrencyConverterTest;
				PRODUCT_NAME = "$(TARGET_NAME)";
				SWIFT_EMIT_LOC_STRINGS = YES;
				SWIFT_VERSION = 5.0;
				TARGETED_DEVICE_FAMILY = "1,2";
			};
			name = Release;
		};
/* End XCBuildConfiguration section */

/* Begin XCConfigurationList section */
		605973D4292FCDCB0014115F /* Build configuration list for PBXProject "CurrencyConverterTest" */ = {
			isa = XCConfigurationList;
			buildConfigurations = (
				605973EB292FCDCD0014115F /* Debug */,
				605973EC292FCDCD0014115F /* Release */,
			);
			defaultConfigurationIsVisible = 0;
			defaultConfigurationName = Release;
		};
		605973ED292FCDCD0014115F /* Build configuration list for PBXNativeTarget "CurrencyConverterTest" */ = {
			isa = XCConfigurationList;
			buildConfigurations = (
				605973EE292FCDCD0014115F /* Debug */,
				605973EF292FCDCD0014115F /* Release */,
			);
			defaultConfigurationIsVisible = 0;
			defaultConfigurationName = Release;
		};
/* End XCConfigurationList section */
	};
	rootObject = 605973D1292FCDCB0014115F /* Project object */;
}
